{
  "name": "recent-tab-plus",
  "lockfileVersion": 3,
  "requires": true,
  "packages": {
    "": {
      "devDependencies": {
        "chrome-types": "^0.1.253"
      }
    },
    "node_modules/chrome-types": {
      "version": "0.1.253",
      "resolved": "https://registry.npmjs.org/chrome-types/-/chrome-types-0.1.253.tgz",
      "integrity": "sha512-KiPMB5YmGaQYr64PdDpVq712z520gmDWkogAJtQhzccSnIyugGcUd07YCCxJMku6926lN8Sls85W/Hm5q6NrPQ==",
      "dev": true
    }
  }
}
